
Microsoft Visual Studio Solution File, Format Version 12.00
# Visual Studio Version 17
VisualStudioVersion = 17.8.34511.84
MinimumVisualStudioVersion = 10.0.40219.1
Project("{9A19103F-16F7-4668-BE54-9A1E7A4F7556}") = "CardboardBox.Extensions", "CardboardBox.Extensions\CardboardBox.Extensions.csproj", "{699E0F6C-11D0-4643-A854-11EF734090F4}"
EndProject
Project("{FAE04EC0-301F-11D3-BF4B-00C04F79EFBC}") = "CardboardBox.Extensions.Excel", "CardboardBox.Extensions.Excel\CardboardBox.Extensions.Excel.csproj", "{E8CBAA6D-3449-41B6-90EB-526268E6599E}"
EndProject
Project("{FAE04EC0-301F-11D3-BF4B-00C04F79EFBC}") = "CardboardBox.Extensions.Scripting", "CardboardBox.Extensions.Scripting\CardboardBox.Extensions.Scripting.csproj", "{4E01E267-CB98-492A-A1FC-67C1993D542D}"
EndProject
Project("{FAE04EC0-301F-11D3-BF4B-00C04F79EFBC}") = "CardboardBox.Extensions.AspNetCore", "CardboardBox.Extensions.AspNetCore\CardboardBox.Extensions.AspNetCore.csproj", "{CE252111-8CDB-493E-B572-542ADAB3830E}"
EndProject
Global
	GlobalSection(SolutionConfigurationPlatforms) = preSolution
		Debug|Any CPU = Debug|Any CPU
		Release|Any CPU = Release|Any CPU
	EndGlobalSection
	GlobalSection(ProjectConfigurationPlatforms) = postSolution
		{699E0F6C-11D0-4643-A854-11EF734090F4}.Debug|Any CPU.ActiveCfg = Debug|Any CPU
		{699E0F6C-11D0-4643-A854-11EF734090F4}.Debug|Any CPU.Build.0 = Debug|Any CPU
		{699E0F6C-11D0-4643-A854-11EF734090F4}.Release|Any CPU.ActiveCfg = Release|Any CPU
		{699E0F6C-11D0-4643-A854-11EF734090F4}.Release|Any CPU.Build.0 = Release|Any CPU
		{E8CBAA6D-3449-41B6-90EB-526268E6599E}.Debug|Any CPU.ActiveCfg = Debug|Any CPU
		{E8CBAA6D-3449-41B6-90EB-526268E6599E}.Debug|Any CPU.Build.0 = Debug|Any CPU
		{E8CBAA6D-3449-41B6-90EB-526268E6599E}.Release|Any CPU.ActiveCfg = Release|Any CPU
		{E8CBAA6D-3449-41B6-90EB-526268E6599E}.Release|Any CPU.Build.0 = Release|Any CPU
		{4E01E267-CB98-492A-A1FC-67C1993D542D}.Debug|Any CPU.ActiveCfg = Debug|Any CPU
		{4E01E267-CB98-492A-A1FC-67C1993D542D}.Debug|Any CPU.Build.0 = Debug|Any CPU
		{4E01E267-CB98-492A-A1FC-67C1993D542D}.Release|Any CPU.ActiveCfg = Release|Any CPU
		{4E01E267-CB98-492A-A1FC-67C1993D542D}.Release|Any CPU.Build.0 = Release|Any CPU
		{CE252111-8CDB-493E-B572-542ADAB3830E}.Debug|Any CPU.ActiveCfg = Debug|Any CPU
		{CE252111-8CDB-493E-B572-542ADAB3830E}.Debug|Any CPU.Build.0 = Debug|Any CPU
		{CE252111-8CDB-493E-B572-542ADAB3830E}.Release|Any CPU.ActiveCfg = Release|Any CPU
		{CE252111-8CDB-493E-B572-542ADAB3830E}.Release|Any CPU.Build.0 = Release|Any CPU
	EndGlobalSection
	GlobalSection(SolutionProperties) = preSolution
		HideSolutionNode = FALSE
	EndGlobalSection
	GlobalSection(ExtensibilityGlobals) = postSolution
		SolutionGuid = {9C709053-AD6D-4789-87D0-841015D6B70B}
	EndGlobalSection
EndGlobal
